
Microsoft Visual Studio Solution File, Format Version 12.00
# Visual Studio Version 17
VisualStudioVersion = 17.1.32421.90
MinimumVisualStudioVersion = 10.0.40219.1
Project("{FAE04EC0-301F-11D3-BF4B-00C04F79EFBC}") = "ForkJoin", "ForkJoin.csproj", "{A9C59CB9-B19D-4E62-B56E-72F1D0FFC645}"
EndProject
Project("{FAE04EC0-301F-11D3-BF4B-00C04F79EFBC}") = "ReadWriteLock", "..\ReadWriteLock\ReadWriteLock.csproj", "{FABD4F64-F592-4787-B0C3-639CD568157B}"
EndProject
Project("{FAE04EC0-301F-11D3-BF4B-00C04F79EFBC}") = "Exchanger", "..\Exchanger\Exchanger.csproj", "{61AC7182-5805-4B8A-8539-DF99EAD85405}"
EndProject
Global
	GlobalSection(SolutionConfigurationPlatforms) = preSolution
		Debug|Any CPU = Debug|Any CPU
		Release|Any CPU = Release|Any CPU
	EndGlobalSection
	GlobalSection(ProjectConfigurationPlatforms) = postSolution
		{A9C59CB9-B19D-4E62-B56E-72F1D0FFC645}.Debug|Any CPU.ActiveCfg = Debug|Any CPU
		{A9C59CB9-B19D-4E62-B56E-72F1D0FFC645}.Debug|Any CPU.Build.0 = Debug|Any CPU
		{A9C59CB9-B19D-4E62-B56E-72F1D0FFC645}.Release|Any CPU.ActiveCfg = Release|Any CPU
		{A9C59CB9-B19D-4E62-B56E-72F1D0FFC645}.Release|Any CPU.Build.0 = Release|Any CPU
		{FABD4F64-F592-4787-B0C3-639CD568157B}.Debug|Any CPU.ActiveCfg = Debug|Any CPU
		{FABD4F64-F592-4787-B0C3-639CD568157B}.Debug|Any CPU.Build.0 = Debug|Any CPU
		{FABD4F64-F592-4787-B0C3-639CD568157B}.Release|Any CPU.ActiveCfg = Release|Any CPU
		{FABD4F64-F592-4787-B0C3-639CD568157B}.Release|Any CPU.Build.0 = Release|Any CPU
		{61AC7182-5805-4B8A-8539-DF99EAD85405}.Debug|Any CPU.ActiveCfg = Debug|Any CPU
		{61AC7182-5805-4B8A-8539-DF99EAD85405}.Debug|Any CPU.Build.0 = Debug|Any CPU
		{61AC7182-5805-4B8A-8539-DF99EAD85405}.Release|Any CPU.ActiveCfg = Release|Any CPU
		{61AC7182-5805-4B8A-8539-DF99EAD85405}.Release|Any CPU.Build.0 = Release|Any CPU
	EndGlobalSection
	GlobalSection(SolutionProperties) = preSolution
		HideSolutionNode = FALSE
	EndGlobalSection
	GlobalSection(ExtensibilityGlobals) = postSolution
		SolutionGuid = {31ED3138-BC75-4BA5-81BB-6330DFACEAAC}
	EndGlobalSection
EndGlobal
